
Microsoft Visual Studio Solution File, Format Version 12.00
# Visual Studio Version 17
VisualStudioVersion = 17.2.32616.157
MinimumVisualStudioVersion = 10.0.40219.1
Project("{9A19103F-16F7-4668-BE54-9A1E7A4F7556}") = "LogicGraph", "LogicGraph\LogicGraph.csproj", "{1505AF74-499A-4DAD-BEE6-D948D6B0317C}"
EndProject
Project("{9A19103F-16F7-4668-BE54-9A1E7A4F7556}") = "LogicGraphTests", "LogicGraphTests\LogicGraphTests.csproj", "{EB36AF24-5DE2-4C05-A03D-76F7FB9F0573}"
EndProject
Project("{2150E333-8FDC-42A3-9474-1A3956D46DE8}") = "Solution Items", "Solution Items", "{91CBEE0E-585B-4B16-ABE0-4629F35F9B24}"
	ProjectSection(SolutionItems) = preProject
		README.md = README.md
	EndProjectSection
EndProject
Project("{FAE04EC0-301F-11D3-BF4B-00C04F79EFBC}") = "LogicGraphExample", "LogicGraphExample\LogicGraphExample.csproj", "{A21E252F-05F0-425E-BE39-5292A488ABF6}"
EndProject
Global
	GlobalSection(SolutionConfigurationPlatforms) = preSolution
		Debug|Any CPU = Debug|Any CPU
		Release|Any CPU = Release|Any CPU
	EndGlobalSection
	GlobalSection(ProjectConfigurationPlatforms) = postSolution
		{1505AF74-499A-4DAD-BEE6-D948D6B0317C}.Debug|Any CPU.ActiveCfg = Debug|Any CPU
		{1505AF74-499A-4DAD-BEE6-D948D6B0317C}.Debug|Any CPU.Build.0 = Debug|Any CPU
		{1505AF74-499A-4DAD-BEE6-D948D6B0317C}.Release|Any CPU.ActiveCfg = Release|Any CPU
		{1505AF74-499A-4DAD-BEE6-D948D6B0317C}.Release|Any CPU.Build.0 = Release|Any CPU
		{EB36AF24-5DE2-4C05-A03D-76F7FB9F0573}.Debug|Any CPU.ActiveCfg = Debug|Any CPU
		{EB36AF24-5DE2-4C05-A03D-76F7FB9F0573}.Debug|Any CPU.Build.0 = Debug|Any CPU
		{EB36AF24-5DE2-4C05-A03D-76F7FB9F0573}.Release|Any CPU.ActiveCfg = Release|Any CPU
		{EB36AF24-5DE2-4C05-A03D-76F7FB9F0573}.Release|Any CPU.Build.0 = Release|Any CPU
		{A21E252F-05F0-425E-BE39-5292A488ABF6}.Debug|Any CPU.ActiveCfg = Debug|Any CPU
		{A21E252F-05F0-425E-BE39-5292A488ABF6}.Debug|Any CPU.Build.0 = Debug|Any CPU
		{A21E252F-05F0-425E-BE39-5292A488ABF6}.Release|Any CPU.ActiveCfg = Release|Any CPU
		{A21E252F-05F0-425E-BE39-5292A488ABF6}.Release|Any CPU.Build.0 = Release|Any CPU
	EndGlobalSection
	GlobalSection(SolutionProperties) = preSolution
		HideSolutionNode = FALSE
	EndGlobalSection
	GlobalSection(ExtensibilityGlobals) = postSolution
		SolutionGuid = {1FAF54FF-CBDF-4A4D-A058-19A223C905F4}
	EndGlobalSection
EndGlobal
